
Microsoft Visual Studio Solution File, Format Version 12.00
# Visual Studio Version 16
VisualStudioVersion = 16.0.31515.178
MinimumVisualStudioVersion = 10.0.40219.1
Project("{FAE04EC0-301F-11D3-BF4B-00C04F79EFBC}") = "AppFit.UWP", "AppFit.UWP\AppFit.UWP.csproj", "{E818EF09-8BCB-4E4E-A1ED-6DD76BC960F5}"
EndProject
Project("{FAE04EC0-301F-11D3-BF4B-00C04F79EFBC}") = "AppFit.Android", "AppFit.Android\AppFit.Android.csproj", "{B786012E-6563-4E45-8315-1512FA9C4CE2}"
EndProject
Project("{FAE04EC0-301F-11D3-BF4B-00C04F79EFBC}") = "AppFit", "AppFit\AppFit.csproj", "{DD7B8112-C07A-4D57-BD6D-BB5D7BAE01A5}"
EndProject
Global
	GlobalSection(SolutionConfigurationPlatforms) = preSolution
		Debug|Any CPU = Debug|Any CPU
		Debug|ARM = Debug|ARM
		Debug|x64 = Debug|x64
		Debug|x86 = Debug|x86
		Release|Any CPU = Release|Any CPU
		Release|ARM = Release|ARM
		Release|x64 = Release|x64
		Release|x86 = Release|x86
	EndGlobalSection
	GlobalSection(ProjectConfigurationPlatforms) = postSolution
		{E818EF09-8BCB-4E4E-A1ED-6DD76BC960F5}.Debug|Any CPU.ActiveCfg = Debug|x86
		{E818EF09-8BCB-4E4E-A1ED-6DD76BC960F5}.Debug|Any CPU.Build.0 = Debug|x86
		{E818EF09-8BCB-4E4E-A1ED-6DD76BC960F5}.Debug|Any CPU.Deploy.0 = Debug|x86
		{E818EF09-8BCB-4E4E-A1ED-6DD76BC960F5}.Debug|ARM.ActiveCfg = Debug|ARM
		{E818EF09-8BCB-4E4E-A1ED-6DD76BC960F5}.Debug|ARM.Build.0 = Debug|ARM
		{E818EF09-8BCB-4E4E-A1ED-6DD76BC960F5}.Debug|ARM.Deploy.0 = Debug|ARM
		{E818EF09-8BCB-4E4E-A1ED-6DD76BC960F5}.Debug|x64.ActiveCfg = Debug|x64
		{E818EF09-8BCB-4E4E-A1ED-6DD76BC960F5}.Debug|x64.Build.0 = Debug|x64
		{E818EF09-8BCB-4E4E-A1ED-6DD76BC960F5}.Debug|x64.Deploy.0 = Debug|x64
		{E818EF09-8BCB-4E4E-A1ED-6DD76BC960F5}.Debug|x86.ActiveCfg = Debug|x86
		{E818EF09-8BCB-4E4E-A1ED-6DD76BC960F5}.Debug|x86.Build.0 = Debug|x86
		{E818EF09-8BCB-4E4E-A1ED-6DD76BC960F5}.Debug|x86.Deploy.0 = Debug|x86
		{E818EF09-8BCB-4E4E-A1ED-6DD76BC960F5}.Release|Any CPU.ActiveCfg = Release|x86
		{E818EF09-8BCB-4E4E-A1ED-6DD76BC960F5}.Release|Any CPU.Build.0 = Release|x86
		{E818EF09-8BCB-4E4E-A1ED-6DD76BC960F5}.Release|Any CPU.Deploy.0 = Release|x86
		{E818EF09-8BCB-4E4E-A1ED-6DD76BC960F5}.Release|ARM.ActiveCfg = Release|ARM
		{E818EF09-8BCB-4E4E-A1ED-6DD76BC960F5}.Release|ARM.Build.0 = Release|ARM
		{E818EF09-8BCB-4E4E-A1ED-6DD76BC960F5}.Release|ARM.Deploy.0 = Release|ARM
		{E818EF09-8BCB-4E4E-A1ED-6DD76BC960F5}.Release|x64.ActiveCfg = Release|x64
		{E818EF09-8BCB-4E4E-A1ED-6DD76BC960F5}.Release|x64.Build.0 = Release|x64
		{E818EF09-8BCB-4E4E-A1ED-6DD76BC960F5}.Release|x64.Deploy.0 = Release|x64
		{E818EF09-8BCB-4E4E-A1ED-6DD76BC960F5}.Release|x86.ActiveCfg = Release|x86
		{E818EF09-8BCB-4E4E-A1ED-6DD76BC960F5}.Release|x86.Build.0 = Release|x86
		{E818EF09-8BCB-4E4E-A1ED-6DD76BC960F5}.Release|x86.Deploy.0 = Release|x86
		{B786012E-6563-4E45-8315-1512FA9C4CE2}.Debug|Any CPU.ActiveCfg = Debug|Any CPU
		{B786012E-6563-4E45-8315-1512FA9C4CE2}.Debug|Any CPU.Build.0 = Debug|Any CPU
		{B786012E-6563-4E45-8315-1512FA9C4CE2}.Debug|Any CPU.Deploy.0 = Debug|Any CPU
		{B786012E-6563-4E45-8315-1512FA9C4CE2}.Debug|ARM.ActiveCfg = Debug|Any CPU
		{B786012E-6563-4E45-8315-1512FA9C4CE2}.Debug|ARM.Build.0 = Debug|Any CPU
		{B786012E-6563-4E45-8315-1512FA9C4CE2}.Debug|ARM.Deploy.0 = Debug|Any CPU
		{B786012E-6563-4E45-8315-1512FA9C4CE2}.Debug|x64.ActiveCfg = Debug|Any CPU
		{B786012E-6563-4E45-8315-1512FA9C4CE2}.Debug|x64.Build.0 = Debug|Any CPU
		{B786012E-6563-4E45-8315-1512FA9C4CE2}.Debug|x64.Deploy.0 = Debug|Any CPU
		{B786012E-6563-4E45-8315-1512FA9C4CE2}.Debug|x86.ActiveCfg = Debug|Any CPU
		{B786012E-6563-4E45-8315-1512FA9C4CE2}.Debug|x86.Build.0 = Debug|Any CPU
		{B786012E-6563-4E45-8315-1512FA9C4CE2}.Debug|x86.Deploy.0 = Debug|Any CPU
		{B786012E-6563-4E45-8315-1512FA9C4CE2}.Release|Any CPU.ActiveCfg = Release|Any CPU
		{B786012E-6563-4E45-8315-1512FA9C4CE2}.Release|Any CPU.Build.0 = Release|Any CPU
		{B786012E-6563-4E45-8315-1512FA9C4CE2}.Release|Any CPU.Deploy.0 = Release|Any CPU
		{B786012E-6563-4E45-8315-1512FA9C4CE2}.Release|ARM.ActiveCfg = Release|Any CPU
		{B786012E-6563-4E45-8315-1512FA9C4CE2}.Release|ARM.Build.0 = Release|Any CPU
		{B786012E-6563-4E45-8315-1512FA9C4CE2}.Release|ARM.Deploy.0 = Release|Any CPU
		{B786012E-6563-4E45-8315-1512FA9C4CE2}.Release|x64.ActiveCfg = Release|Any CPU
		{B786012E-6563-4E45-8315-1512FA9C4CE2}.Release|x64.Build.0 = Release|Any CPU
		{B786012E-6563-4E45-8315-1512FA9C4CE2}.Release|x64.Deploy.0 = Release|Any CPU
		{B786012E-6563-4E45-8315-1512FA9C4CE2}.Release|x86.ActiveCfg = Release|Any CPU
		{B786012E-6563-4E45-8315-1512FA9C4CE2}.Release|x86.Build.0 = Release|Any CPU
		{B786012E-6563-4E45-8315-1512FA9C4CE2}.Release|x86.Deploy.0 = Release|Any CPU
		{DD7B8112-C07A-4D57-BD6D-BB5D7BAE01A5}.Debug|Any CPU.ActiveCfg = Debug|Any CPU
		{DD7B8112-C07A-4D57-BD6D-BB5D7BAE01A5}.Debug|Any CPU.Build.0 = Debug|Any CPU
		{DD7B8112-C07A-4D57-BD6D-BB5D7BAE01A5}.Debug|Any CPU.Deploy.0 = Debug|Any CPU
		{DD7B8112-C07A-4D57-BD6D-BB5D7BAE01A5}.Debug|ARM.ActiveCfg = Debug|Any CPU
		{DD7B8112-C07A-4D57-BD6D-BB5D7BAE01A5}.Debug|ARM.Build.0 = Debug|Any CPU
		{DD7B8112-C07A-4D57-BD6D-BB5D7BAE01A5}.Debug|ARM.Deploy.0 = Debug|Any CPU
		{DD7B8112-C07A-4D57-BD6D-BB5D7BAE01A5}.Debug|x64.ActiveCfg = Debug|Any CPU
		{DD7B8112-C07A-4D57-BD6D-BB5D7BAE01A5}.Debug|x64.Build.0 = Debug|Any CPU
		{DD7B8112-C07A-4D57-BD6D-BB5D7BAE01A5}.Debug|x64.Deploy.0 = Debug|Any CPU
		{DD7B8112-C07A-4D57-BD6D-BB5D7BAE01A5}.Debug|x86.ActiveCfg = Debug|Any CPU
		{DD7B8112-C07A-4D57-BD6D-BB5D7BAE01A5}.Debug|x86.Build.0 = Debug|Any CPU
		{DD7B8112-C07A-4D57-BD6D-BB5D7BAE01A5}.Debug|x86.Deploy.0 = Debug|Any CPU
		{DD7B8112-C07A-4D57-BD6D-BB5D7BAE01A5}.Release|Any CPU.ActiveCfg = Release|Any CPU
		{DD7B8112-C07A-4D57-BD6D-BB5D7BAE01A5}.Release|Any CPU.Build.0 = Release|Any CPU
		{DD7B8112-C07A-4D57-BD6D-BB5D7BAE01A5}.Release|Any CPU.Deploy.0 = Release|Any CPU
		{DD7B8112-C07A-4D57-BD6D-BB5D7BAE01A5}.Release|ARM.ActiveCfg = Release|Any CPU
		{DD7B8112-C07A-4D57-BD6D-BB5D7BAE01A5}.Release|ARM.Build.0 = Release|Any CPU
		{DD7B8112-C07A-4D57-BD6D-BB5D7BAE01A5}.Release|ARM.Deploy.0 = Release|Any CPU
		{DD7B8112-C07A-4D57-BD6D-BB5D7BAE01A5}.Release|x64.ActiveCfg = Release|Any CPU
		{DD7B8112-C07A-4D57-BD6D-BB5D7BAE01A5}.Release|x64.Build.0 = Release|Any CPU
		{DD7B8112-C07A-4D57-BD6D-BB5D7BAE01A5}.Release|x64.Deploy.0 = Release|Any CPU
		{DD7B8112-C07A-4D57-BD6D-BB5D7BAE01A5}.Release|x86.ActiveCfg = Release|Any CPU
		{DD7B8112-C07A-4D57-BD6D-BB5D7BAE01A5}.Release|x86.Build.0 = Release|Any CPU
		{DD7B8112-C07A-4D57-BD6D-BB5D7BAE01A5}.Release|x86.Deploy.0 = Release|Any CPU
	EndGlobalSection
	GlobalSection(SolutionProperties) = preSolution
		HideSolutionNode = FALSE
	EndGlobalSection
	GlobalSection(ExtensibilityGlobals) = postSolution
		SolutionGuid = {8BF46D65-34F5-4EEB-BEC6-750567BD1657}
	EndGlobalSection
EndGlobal
